
Microsoft Visual Studio Solution File, Format Version 10.00
# Visual Studio 2008
Project("{8BC9CEB8-8B4A-11D0-8D11-00A0C91BC942}") = "forum", "forum\forum.vcproj", "{F95879F3-CE5E-4287-BECC-D481C7F62BC6}"
EndProject
Project("{8BC9CEB8-8B4A-11D0-8D11-00A0C91BC942}") = "test", "test\test.vcproj", "{1AAEF30C-7411-4A56-9F1E-3EB82B5578DD}"
EndProject
Project("{8BC9CEB8-8B4A-11D0-8D11-00A0C91BC942}") = "browser", "browser\browser.vcproj", "{FC2DAEB8-A20F-4CDA-AF16-BADD4615EE06}"
EndProject
Global
	GlobalSection(SolutionConfigurationPlatforms) = preSolution
		Debug|Win32 = Debug|Win32
		Release|Win32 = Release|Win32
	EndGlobalSection
	GlobalSection(ProjectConfigurationPlatforms) = postSolution
		{F95879F3-CE5E-4287-BECC-D481C7F62BC6}.Debug|Win32.ActiveCfg = Debug|Win32
		{F95879F3-CE5E-4287-BECC-D481C7F62BC6}.Release|Win32.ActiveCfg = Release|Win32
		{1AAEF30C-7411-4A56-9F1E-3EB82B5578DD}.Debug|Win32.ActiveCfg = Debug|Win32
		{1AAEF30C-7411-4A56-9F1E-3EB82B5578DD}.Debug|Win32.Build.0 = Debug|Win32
		{1AAEF30C-7411-4A56-9F1E-3EB82B5578DD}.Release|Win32.ActiveCfg = Release|Win32
		{1AAEF30C-7411-4A56-9F1E-3EB82B5578DD}.Release|Win32.Build.0 = Release|Win32
		{FC2DAEB8-A20F-4CDA-AF16-BADD4615EE06}.Debug|Win32.ActiveCfg = Debug|Win32
		{FC2DAEB8-A20F-4CDA-AF16-BADD4615EE06}.Debug|Win32.Build.0 = Debug|Win32
		{FC2DAEB8-A20F-4CDA-AF16-BADD4615EE06}.Release|Win32.ActiveCfg = Release|Win32
		{FC2DAEB8-A20F-4CDA-AF16-BADD4615EE06}.Release|Win32.Build.0 = Release|Win32
	EndGlobalSection
	GlobalSection(SolutionProperties) = preSolution
		HideSolutionNode = FALSE
	EndGlobalSection
EndGlobal
